
Microsoft Visual Studio Solution File, Format Version 12.00
# Visual Studio Version 17
VisualStudioVersion = 17.4.33122.133
MinimumVisualStudioVersion = 10.0.40219.1
Project("{FAE04EC0-301F-11D3-BF4B-00C04F79EFBC}") = "MemoryLeaks", "MemoryLeaks\MemoryLeaks.csproj", "{D51BF1D1-535C-482A-8EBA-D8B56485EAB5}"
EndProject
Global
	GlobalSection(SolutionConfigurationPlatforms) = preSolution
		Debug|Any CPU = Debug|Any CPU
		Release|Any CPU = Release|Any CPU
	EndGlobalSection
	GlobalSection(ProjectConfigurationPlatforms) = postSolution
		{D51BF1D1-535C-482A-8EBA-D8B56485EAB5}.Debug|Any CPU.ActiveCfg = Debug|Any CPU
		{D51BF1D1-535C-482A-8EBA-D8B56485EAB5}.Debug|Any CPU.Build.0 = Debug|Any CPU
		{D51BF1D1-535C-482A-8EBA-D8B56485EAB5}.Release|Any CPU.ActiveCfg = Release|Any CPU
		{D51BF1D1-535C-482A-8EBA-D8B56485EAB5}.Release|Any CPU.Build.0 = Release|Any CPU
	EndGlobalSection
	GlobalSection(SolutionProperties) = preSolution
		HideSolutionNode = FALSE
	EndGlobalSection
	GlobalSection(ExtensibilityGlobals) = postSolution
		SolutionGuid = {258713BD-92D9-44AC-A34B-0A864F80856E}
	EndGlobalSection
EndGlobal
